// !$*UTF8*$!
{
	archiveVersion = 1;
	classes = {
	};
	objectVersion = 46;
	objects = {

/* Begin PBXBuildFile section */
		1D3623260D0F684500981E51 /* SlalomShoutAppDelegate.m in Sources */ = {isa = PBXBuildFile; fileRef = 1D3623250D0F684500981E51 /* SlalomShoutAppDelegate.m */; };
		1D60589B0D05DD56006BFB54 /* main.m in Sources */ = {isa = PBXBuildFile; fileRef = 29B97316FDCFA39411CA2CEA /* main.m */; };
		1D60589F0D05DD5A006BFB54 /* Foundation.framework in Frameworks */ = {isa = PBXBuildFile; fileRef = 1D30AB110D05D00D00671497 /* Foundation.framework */; };
		1DF5F4E00D08C38300B7A737 /* UIKit.framework in Frameworks */ = {isa = PBXBuildFile; fileRef = 1DF5F4DF0D08C38300B7A737 /* UIKit.framework */; };
		288765FD0DF74451002DB57D /* CoreGraphics.framework in Frameworks */ = {isa = PBXBuildFile; fileRef = 288765FC0DF74451002DB57D /* CoreGraphics.framework */; };
		6B22F7DF124AB4FC00D68D31 /* NSObject+SBJSON.m in Sources */ = {isa = PBXBuildFile; fileRef = 6B22F7D6124AB4FC00D68D31 /* NSObject+SBJSON.m */; };
		6B22F7E0124AB4FC00D68D31 /* NSString+SBJSON.m in Sources */ = {isa = PBXBuildFile; fileRef = 6B22F7D8124AB4FC00D68D31 /* NSString+SBJSON.m */; };
		6B22F7E1124AB4FC00D68D31 /* SBJsonBase.m in Sources */ = {isa = PBXBuildFile; fileRef = 6B22F7DA124AB4FC00D68D31 /* SBJsonBase.m */; };
		6B22F7E2124AB4FC00D68D31 /* SBJsonParser.m in Sources */ = {isa = PBXBuildFile; fileRef = 6B22F7DC124AB4FC00D68D31 /* SBJsonParser.m */; };
		6B22F7E3124AB4FC00D68D31 /* SBJsonWriter.m in Sources */ = {isa = PBXBuildFile; fileRef = 6B22F7DE124AB4FC00D68D31 /* SBJsonWriter.m */; };
		6B38E94312569D4F00A3BEF4 /* ViewShoutsController.m in Sources */ = {isa = PBXBuildFile; fileRef = 6B38E94212569D4F00A3BEF4 /* ViewShoutsController.m */; };
		6B38E9501256A0B100A3BEF4 /* Login.m in Sources */ = {isa = PBXBuildFile; fileRef = 6B38E94F1256A0B100A3BEF4 /* Login.m */; };
		6B38E9CE125799AE00A3BEF4 /* GetMessages.m in Sources */ = {isa = PBXBuildFile; fileRef = 6B38E9CD125799AE00A3BEF4 /* GetMessages.m */; };
		6B38EA3E1257ACA700A3BEF4 /* CreateShoutController.m in Sources */ = {isa = PBXBuildFile; fileRef = 6B38EA3D1257ACA700A3BEF4 /* CreateShoutController.m */; };
		6B38EA791257B87C00A3BEF4 /* Shout.m in Sources */ = {isa = PBXBuildFile; fileRef = 6B38EA781257B87C00A3BEF4 /* Shout.m */; };
		6B9BDB461253916100CFF466 /* MainWindow.xib in Resources */ = {isa = PBXBuildFile; fileRef = 6B9BDB451253916100CFF466 /* MainWindow.xib */; };
		6BF6F44A12538C4800E1322B /* BlankScreen.png in Resources */ = {isa = PBXBuildFile; fileRef = 6BF6F43F12538C4800E1322B /* BlankScreen.png */; };
		6BF6F44B12538C4800E1322B /* listen-cmd-icon.png in Resources */ = {isa = PBXBuildFile; fileRef = 6BF6F44012538C4800E1322B /* listen-cmd-icon.png */; };
		6BF6F44C12538C4800E1322B /* listen-cmd-icon2.png in Resources */ = {isa = PBXBuildFile; fileRef = 6BF6F44112538C4800E1322B /* listen-cmd-icon2.png */; };
		6BF6F44D12538C4800E1322B /* shout-cmd-icon.png in Resources */ = {isa = PBXBuildFile; fileRef = 6BF6F44212538C4800E1322B /* shout-cmd-icon.png */; };
		6BF6F44E12538C4800E1322B /* ShoutScreen.png in Resources */ = {isa = PBXBuildFile; fileRef = 6BF6F44312538C4800E1322B /* ShoutScreen.png */; };
		6BF6F44F12538C4800E1322B /* SlalomShout57x57.png in Resources */ = {isa = PBXBuildFile; fileRef = 6BF6F44412538C4800E1322B /* SlalomShout57x57.png */; };
		6BF6F45012538C4800E1322B /* SlalomShout57x57trans.png in Resources */ = {isa = PBXBuildFile; fileRef = 6BF6F44512538C4800E1322B /* SlalomShout57x57trans.png */; };
		6BF6F45112538C4800E1322B /* SlalomShout114x114.png in Resources */ = {isa = PBXBuildFile; fileRef = 6BF6F44612538C4800E1322B /* SlalomShout114x114.png */; };
		6BF6F45212538C4800E1322B /* SlalomShout114x114trans.png in Resources */ = {isa = PBXBuildFile; fileRef = 6BF6F44712538C4800E1322B /* SlalomShout114x114trans.png */; };
		6BF6F45312538C4800E1322B /* SlalomShout512x512.png in Resources */ = {isa = PBXBuildFile; fileRef = 6BF6F44812538C4800E1322B /* SlalomShout512x512.png */; };
		6BF6F45412538C4800E1322B /* SlalomShout512x512trans.png in Resources */ = {isa = PBXBuildFile; fileRef = 6BF6F44912538C4800E1322B /* SlalomShout512x512trans.png */; };
/* End PBXBuildFile section */

/* Begin PBXFileReference section */
		1D30AB110D05D00D00671497 /* Foundation.framework */ = {isa = PBXFileReference; lastKnownFileType = wrapper.framework; name = Foundation.framework; path = System/Library/Frameworks/Foundation.framework; sourceTree = SDKROOT; };
		1D3623240D0F684500981E51 /* SlalomShoutAppDelegate.h */ = {isa = PBXFileReference; fileEncoding = 4; lastKnownFileType = sourcecode.c.h; path = SlalomShoutAppDelegate.h; sourceTree = "<group>"; };
		1D3623250D0F684500981E51 /* SlalomShoutAppDelegate.m */ = {isa = PBXFileReference; fileEncoding = 4; lastKnownFileType = sourcecode.c.objc; path = SlalomShoutAppDelegate.m; sourceTree = "<group>"; };
		1D6058910D05DD3D006BFB54 /* SlalomShout.app */ = {isa = PBXFileReference; explicitFileType = wrapper.application; includeInIndex = 0; path = SlalomShout.app; sourceTree = BUILT_PRODUCTS_DIR; };
		1DF5F4DF0D08C38300B7A737 /* UIKit.framework */ = {isa = PBXFileReference; lastKnownFileType = wrapper.framework; name = UIKit.framework; path = System/Library/Frameworks/UIKit.framework; sourceTree = SDKROOT; };
		288765FC0DF74451002DB57D /* CoreGraphics.framework */ = {isa = PBXFileReference; lastKnownFileType = wrapper.framework; name = CoreGraphics.framework; path = System/Library/Frameworks/CoreGraphics.framework; sourceTree = SDKROOT; };
		29B97316FDCFA39411CA2CEA /* main.m */ = {isa = PBXFileReference; fileEncoding = 4; lastKnownFileType = sourcecode.c.objc; path = main.m; sourceTree = "<group>"; };
		32CA4F630368D1EE00C91783 /* SlalomShout_Prefix.pch */ = {isa = PBXFileReference; fileEncoding = 4; lastKnownFileType = sourcecode.c.h; path = SlalomShout_Prefix.pch; sourceTree = "<group>"; };
		6B22F7D4124AB4FC00D68D31 /* JSON.h */ = {isa = PBXFileReference; fileEncoding = 4; lastKnownFileType = sourcecode.c.h; path = JSON.h; sourceTree = "<group>"; };
		6B22F7D5124AB4FC00D68D31 /* NSObject+SBJSON.h */ = {isa = PBXFileReference; fileEncoding = 4; lastKnownFileType = sourcecode.c.h; path = "NSObject+SBJSON.h"; sourceTree = "<group>"; };
		6B22F7D6124AB4FC00D68D31 /* NSObject+SBJSON.m */ = {isa = PBXFileReference; fileEncoding = 4; lastKnownFileType = sourcecode.c.objc; path = "NSObject+SBJSON.m"; sourceTree = "<group>"; };
		6B22F7D7124AB4FC00D68D31 /* NSString+SBJSON.h */ = {isa = PBXFileReference; fileEncoding = 4; lastKnownFileType = sourcecode.c.h; path = "NSString+SBJSON.h"; sourceTree = "<group>"; };
		6B22F7D8124AB4FC00D68D31 /* NSString+SBJSON.m */ = {isa = PBXFileReference; fileEncoding = 4; lastKnownFileType = sourcecode.c.objc; path = "NSString+SBJSON.m"; sourceTree = "<group>"; };
		6B22F7D9124AB4FC00D68D31 /* SBJsonBase.h */ = {isa = PBXFileReference; fileEncoding = 4; lastKnownFileType = sourcecode.c.h; path = SBJsonBase.h; sourceTree = "<group>"; };
		6B22F7DA124AB4FC00D68D31 /* SBJsonBase.m */ = {isa = PBXFileReference; fileEncoding = 4; lastKnownFileType = sourcecode.c.objc; path = SBJsonBase.m; sourceTree = "<group>"; };
		6B22F7DB124AB4FC00D68D31 /* SBJsonParser.h */ = {isa = PBXFileReference; fileEncoding = 4; lastKnownFileType = sourcecode.c.h; path = SBJsonParser.h; sourceTree = "<group>"; };
		6B22F7DC124AB4FC00D68D31 /* SBJsonParser.m */ = {isa = PBXFileReference; fileEncoding = 4; lastKnownFileType = sourcecode.c.objc; path = SBJsonParser.m; sourceTree = "<group>"; };
		6B22F7DD124AB4FC00D68D31 /* SBJsonWriter.h */ = {isa = PBXFileReference; fileEncoding = 4; lastKnownFileType = sourcecode.c.h; path = SBJsonWriter.h; sourceTree = "<group>"; };
		6B22F7DE124AB4FC00D68D31 /* SBJsonWriter.m */ = {isa = PBXFileReference; fileEncoding = 4; lastKnownFileType = sourcecode.c.objc; path = SBJsonWriter.m; sourceTree = "<group>"; };
		6B38E94112569D4F00A3BEF4 /* ViewShoutsController.h */ = {isa = PBXFileReference; fileEncoding = 4; lastKnownFileType = sourcecode.c.h; path = ViewShoutsController.h; sourceTree = "<group>"; };
		6B38E94212569D4F00A3BEF4 /* ViewShoutsController.m */ = {isa = PBXFileReference; fileEncoding = 4; lastKnownFileType = sourcecode.c.objc; path = ViewShoutsController.m; sourceTree = "<group>"; };
		6B38E94E1256A0B100A3BEF4 /* Login.h */ = {isa = PBXFileReference; fileEncoding = 4; lastKnownFileType = sourcecode.c.h; path = Login.h; sourceTree = "<group>"; };
		6B38E94F1256A0B100A3BEF4 /* Login.m */ = {isa = PBXFileReference; fileEncoding = 4; lastKnownFileType = sourcecode.c.objc; path = Login.m; sourceTree = "<group>"; };
		6B38E9CC125799AE00A3BEF4 /* GetMessages.h */ = {isa = PBXFileReference; fileEncoding = 4; lastKnownFileType = sourcecode.c.h; path = GetMessages.h; sourceTree = "<group>"; };
		6B38E9CD125799AE00A3BEF4 /* GetMessages.m */ = {isa = PBXFileReference; fileEncoding = 4; lastKnownFileType = sourcecode.c.objc; path = GetMessages.m; sourceTree = "<group>"; };
		6B38EA3C1257ACA700A3BEF4 /* CreateShoutController.h */ = {isa = PBXFileReference; fileEncoding = 4; lastKnownFileType = sourcecode.c.h; path = CreateShoutController.h; sourceTree = "<group>"; };
		6B38EA3D1257ACA700A3BEF4 /* CreateShoutController.m */ = {isa = PBXFileReference; fileEncoding = 4; lastKnownFileType = sourcecode.c.objc; path = CreateShoutController.m; sourceTree = "<group>"; };
		6B38EA771257B87C00A3BEF4 /* Shout.h */ = {isa = PBXFileReference; fileEncoding = 4; lastKnownFileType = sourcecode.c.h; path = Shout.h; sourceTree = "<group>"; };
		6B38EA781257B87C00A3BEF4 /* Shout.m */ = {isa = PBXFileReference; fileEncoding = 4; lastKnownFileType = sourcecode.c.objc; path = Shout.m; sourceTree = "<group>"; };
		6B9BDB451253916100CFF466 /* MainWindow.xib */ = {isa = PBXFileReference; lastKnownFileType = file.xib; path = MainWindow.xib; sourceTree = "<group>"; };
		6BF6F43F12538C4800E1322B /* BlankScreen.png */ = {isa = PBXFileReference; lastKnownFileType = image.png; path = BlankScreen.png; sourceTree = "<group>"; };
		6BF6F44012538C4800E1322B /* listen-cmd-icon.png */ = {isa = PBXFileReference; lastKnownFileType = image.png; path = "listen-cmd-icon.png"; sourceTree = "<group>"; };
		6BF6F44112538C4800E1322B /* listen-cmd-icon2.png */ = {isa = PBXFileReference; lastKnownFileType = image.png; path = "listen-cmd-icon2.png"; sourceTree = "<group>"; };
		6BF6F44212538C4800E1322B /* shout-cmd-icon.png */ = {isa = PBXFileReference; lastKnownFileType = image.png; path = "shout-cmd-icon.png"; sourceTree = "<group>"; };
		6BF6F44312538C4800E1322B /* ShoutScreen.png */ = {isa = PBXFileReference; lastKnownFileType = image.png; path = ShoutScreen.png; sourceTree = "<group>"; };
		6BF6F44412538C4800E1322B /* SlalomShout57x57.png */ = {isa = PBXFileReference; lastKnownFileType = image.png; path = SlalomShout57x57.png; sourceTree = "<group>"; };
		6BF6F44512538C4800E1322B /* SlalomShout57x57trans.png */ = {isa = PBXFileReference; lastKnownFileType = image.png; path = SlalomShout57x57trans.png; sourceTree = "<group>"; };
		6BF6F44612538C4800E1322B /* SlalomShout114x114.png */ = {isa = PBXFileReference; lastKnownFileType = image.png; path = SlalomShout114x114.png; sourceTree = "<group>"; };
		6BF6F44712538C4800E1322B /* SlalomShout114x114trans.png */ = {isa = PBXFileReference; lastKnownFileType = image.png; path = SlalomShout114x114trans.png; sourceTree = "<group>"; };
		6BF6F44812538C4800E1322B /* SlalomShout512x512.png */ = {isa = PBXFileReference; lastKnownFileType = image.png; path = SlalomShout512x512.png; sourceTree = "<group>"; };
		6BF6F44912538C4800E1322B /* SlalomShout512x512trans.png */ = {isa = PBXFileReference; lastKnownFileType = image.png; path = SlalomShout512x512trans.png; sourceTree = "<group>"; };
/* End PBXFileReference section */

/* Begin PBXFrameworksBuildPhase section */
		1D60588F0D05DD3D006BFB54 /* Frameworks */ = {
			isa = PBXFrameworksBuildPhase;
			buildActionMask = 2147483647;
			files = (
				1D60589F0D05DD5A006BFB54 /* Foundation.framework in Frameworks */,
				1DF5F4E00D08C38300B7A737 /* UIKit.framework in Frameworks */,
				288765FD0DF74451002DB57D /* CoreGraphics.framework in Frameworks */,
			);
			runOnlyForDeploymentPostprocessing = 0;
		};
/* End PBXFrameworksBuildPhase section */

/* Begin PBXGroup section */
		080E96DDFE201D6D7F000001 /* Classes */ = {
			isa = PBXGroup;
			children = (
				6B22F7D3124AB4FC00D68D31 /* JSON */,
				1D3623240D0F684500981E51 /* SlalomShoutAppDelegate.h */,
				1D3623250D0F684500981E51 /* SlalomShoutAppDelegate.m */,
				6B38E94112569D4F00A3BEF4 /* ViewShoutsController.h */,
				6B38E94212569D4F00A3BEF4 /* ViewShoutsController.m */,
				6B38E94E1256A0B100A3BEF4 /* Login.h */,
				6B38E94F1256A0B100A3BEF4 /* Login.m */,
				6B38E9CC125799AE00A3BEF4 /* GetMessages.h */,
				6B38E9CD125799AE00A3BEF4 /* GetMessages.m */,
				6B38EA3C1257ACA700A3BEF4 /* CreateShoutController.h */,
				6B38EA3D1257ACA700A3BEF4 /* CreateShoutController.m */,
				6B38EA771257B87C00A3BEF4 /* Shout.h */,
				6B38EA781257B87C00A3BEF4 /* Shout.m */,
			);
			path = Classes;
			sourceTree = "<group>";
		};
		19C28FACFE9D520D11CA2CBB /* Products */ = {
			isa = PBXGroup;
			children = (
				1D6058910D05DD3D006BFB54 /* SlalomShout.app */,
			);
			name = Products;
			sourceTree = "<group>";
		};
		29B97314FDCFA39411CA2CEA /* CustomTemplate */ = {
			isa = PBXGroup;
			children = (
				080E96DDFE201D6D7F000001 /* Classes */,
				29B97315FDCFA39411CA2CEA /* Other Sources */,
				29B97317FDCFA39411CA2CEA /* Resources */,
				29B97323FDCFA39411CA2CEA /* Frameworks */,
				19C28FACFE9D520D11CA2CBB /* Products */,
			);
			name = CustomTemplate;
			sourceTree = "<group>";
		};
		29B97315FDCFA39411CA2CEA /* Other Sources */ = {
			isa = PBXGroup;
			children = (
				32CA4F630368D1EE00C91783 /* SlalomShout_Prefix.pch */,
				29B97316FDCFA39411CA2CEA /* main.m */,
			);
			name = "Other Sources";
			sourceTree = "<group>";
		};
		29B97317FDCFA39411CA2CEA /* Resources */ = {
			isa = PBXGroup;
			children = (
				6BF6F43F12538C4800E1322B /* BlankScreen.png */,
				6BF6F44012538C4800E1322B /* listen-cmd-icon.png */,
				6BF6F44112538C4800E1322B /* listen-cmd-icon2.png */,
				6BF6F44212538C4800E1322B /* shout-cmd-icon.png */,
				6BF6F44312538C4800E1322B /* ShoutScreen.png */,
				6BF6F44412538C4800E1322B /* SlalomShout57x57.png */,
				6B9BDB451253916100CFF466 /* MainWindow.xib */,
				6BF6F44512538C4800E1322B /* SlalomShout57x57trans.png */,
				6BF6F44612538C4800E1322B /* SlalomShout114x114.png */,
				6BF6F44712538C4800E1322B /* SlalomShout114x114trans.png */,
				6BF6F44812538C4800E1322B /* SlalomShout512x512.png */,
				6BF6F44912538C4800E1322B /* SlalomShout512x512trans.png */,
			);
			name = Resources;
			sourceTree = "<group>";
		};
		29B97323FDCFA39411CA2CEA /* Frameworks */ = {
			isa = PBXGroup;
			children = (
				1DF5F4DF0D08C38300B7A737 /* UIKit.framework */,
				1D30AB110D05D00D00671497 /* Foundation.framework */,
				288765FC0DF74451002DB57D /* CoreGraphics.framework */,
			);
			name = Frameworks;
			sourceTree = "<group>";
		};
		6B22F7D3124AB4FC00D68D31 /* JSON */ = {
			isa = PBXGroup;
			children = (
				6B22F7D4124AB4FC00D68D31 /* JSON.h */,
				6B22F7D5124AB4FC00D68D31 /* NSObject+SBJSON.h */,
				6B22F7D6124AB4FC00D68D31 /* NSObject+SBJSON.m */,
				6B22F7D7124AB4FC00D68D31 /* NSString+SBJSON.h */,
				6B22F7D8124AB4FC00D68D31 /* NSString+SBJSON.m */,
				6B22F7D9124AB4FC00D68D31 /* SBJsonBase.h */,
				6B22F7DA124AB4FC00D68D31 /* SBJsonBase.m */,
				6B22F7DB124AB4FC00D68D31 /* SBJsonParser.h */,
				6B22F7DC124AB4FC00D68D31 /* SBJsonParser.m */,
				6B22F7DD124AB4FC00D68D31 /* SBJsonWriter.h */,
				6B22F7DE124AB4FC00D68D31 /* SBJsonWriter.m */,
			);
			path = JSON;
			sourceTree = "<group>";
		};
/* End PBXGroup section */

/* Begin PBXNativeTarget section */
		1D6058900D05DD3D006BFB54 /* SlalomShout */ = {
			isa = PBXNativeTarget;
			buildConfigurationList = 1D6058960D05DD3E006BFB54 /* Build configuration list for PBXNativeTarget "SlalomShout" */;
			buildPhases = (
				1D60588D0D05DD3D006BFB54 /* Resources */,
				1D60588E0D05DD3D006BFB54 /* Sources */,
				1D60588F0D05DD3D006BFB54 /* Frameworks */,
			);
			buildRules = (
			);
			dependencies = (
			);
			name = SlalomShout;
			productName = SlalomShout;
			productReference = 1D6058910D05DD3D006BFB54 /* SlalomShout.app */;
			productType = "com.apple.product-type.application";
		};
/* End PBXNativeTarget section */

/* Begin PBXProject section */
		29B97313FDCFA39411CA2CEA /* Project object */ = {
			isa = PBXProject;
			buildConfigurationList = C01FCF4E08A954540054247B /* Build configuration list for PBXProject "SlalomShout" */;
			compatibilityVersion = "Xcode 3.2";
			developmentRegion = English;
			hasScannedForEncodings = 1;
			knownRegions = (
				English,
				Japanese,
				French,
				German,
			);
			mainGroup = 29B97314FDCFA39411CA2CEA /* CustomTemplate */;
			projectDirPath = "";
			projectRoot = "";
			targets = (
				1D6058900D05DD3D006BFB54 /* SlalomShout */,
			);
		};
/* End PBXProject section */

/* Begin PBXResourcesBuildPhase section */
		1D60588D0D05DD3D006BFB54 /* Resources */ = {
			isa = PBXResourcesBuildPhase;
			buildActionMask = 2147483647;
			files = (
				6BF6F44A12538C4800E1322B /* BlankScreen.png in Resources */,
				6BF6F44B12538C4800E1322B /* listen-cmd-icon.png in Resources */,
				6BF6F44C12538C4800E1322B /* listen-cmd-icon2.png in Resources */,
				6BF6F44D12538C4800E1322B /* shout-cmd-icon.png in Resources */,
				6BF6F44E12538C4800E1322B /* ShoutScreen.png in Resources */,
				6BF6F44F12538C4800E1322B /* SlalomShout57x57.png in Resources */,
				6BF6F45012538C4800E1322B /* SlalomShout57x57trans.png in Resources */,
				6BF6F45112538C4800E1322B /* SlalomShout114x114.png in Resources */,
				6BF6F45212538C4800E1322B /* SlalomShout114x114trans.png in Resources */,
				6BF6F45312538C4800E1322B /* SlalomShout512x512.png in Resources */,
				6BF6F45412538C4800E1322B /* SlalomShout512x512trans.png in Resources */,
				6B9BDB461253916100CFF466 /* MainWindow.xib in Resources */,
			);
			runOnlyForDeploymentPostprocessing = 0;
		};
/* End PBXResourcesBuildPhase section */

/* Begin PBXSourcesBuildPhase section */
		1D60588E0D05DD3D006BFB54 /* Sources */ = {
			isa = PBXSourcesBuildPhase;
			buildActionMask = 2147483647;
			files = (
				1D60589B0D05DD56006BFB54 /* main.m in Sources */,
				1D3623260D0F684500981E51 /* SlalomShoutAppDelegate.m in Sources */,
				6B22F7DF124AB4FC00D68D31 /* NSObject+SBJSON.m in Sources */,
				6B22F7E0124AB4FC00D68D31 /* NSString+SBJSON.m in Sources */,
				6B22F7E1124AB4FC00D68D31 /* SBJsonBase.m in Sources */,
				6B22F7E2124AB4FC00D68D31 /* SBJsonParser.m in Sources */,
				6B22F7E3124AB4FC00D68D31 /* SBJsonWriter.m in Sources */,
				6B38E94312569D4F00A3BEF4 /* ViewShoutsController.m in Sources */,
				6B38E9501256A0B100A3BEF4 /* Login.m in Sources */,
				6B38E9CE125799AE00A3BEF4 /* GetMessages.m in Sources */,
				6B38EA3E1257ACA700A3BEF4 /* CreateShoutController.m in Sources */,
				6B38EA791257B87C00A3BEF4 /* Shout.m in Sources */,
			);
			runOnlyForDeploymentPostprocessing = 0;
		};
/* End PBXSourcesBuildPhase section */

/* Begin XCBuildConfiguration section */
		1D6058940D05DD3E006BFB54 /* Debug */ = {
			isa = XCBuildConfiguration;
			buildSettings = {
				ALWAYS_SEARCH_USER_PATHS = NO;
				COPY_PHASE_STRIP = NO;
				GCC_DYNAMIC_NO_PIC = NO;
				GCC_OPTIMIZATION_LEVEL = 0;
				GCC_PRECOMPILE_PREFIX_HEADER = YES;
				GCC_PREFIX_HEADER = SlalomShout_Prefix.pch;
				INFOPLIST_FILE = "SlalomShout-Info.plist";
				PRODUCT_NAME = SlalomShout;
			};
			name = Debug;
		};
		1D6058950D05DD3E006BFB54 /* Release */ = {
			isa = XCBuildConfiguration;
			buildSettings = {
				ALWAYS_SEARCH_USER_PATHS = NO;
				COPY_PHASE_STRIP = YES;
				GCC_PRECOMPILE_PREFIX_HEADER = YES;
				GCC_PREFIX_HEADER = SlalomShout_Prefix.pch;
				INFOPLIST_FILE = "SlalomShout-Info.plist";
				PRODUCT_NAME = SlalomShout;
				VALIDATE_PRODUCT = YES;
			};
			name = Release;
		};
		C01FCF4F08A954540054247B /* Debug */ = {
			isa = XCBuildConfiguration;
			buildSettings = {
				ARCHS = "$(ARCHS_STANDARD_32_BIT)";
				"CODE_SIGN_IDENTITY[sdk=iphoneos*]" = "iPhone Developer";
				GCC_C_LANGUAGE_STANDARD = c99;
				GCC_WARN_ABOUT_RETURN_TYPE = YES;
				GCC_WARN_UNUSED_VARIABLE = YES;
				PREBINDING = NO;
				SDKROOT = iphoneos4.1;
			};
			name = Debug;
		};
		C01FCF5008A954540054247B /* Release */ = {
			isa = XCBuildConfiguration;
			buildSettings = {
				ARCHS = "$(ARCHS_STANDARD_32_BIT)";
				"CODE_SIGN_IDENTITY[sdk=iphoneos*]" = "iPhone Developer";
				GCC_C_LANGUAGE_STANDARD = c99;
				GCC_WARN_ABOUT_RETURN_TYPE = YES;
				GCC_WARN_UNUSED_VARIABLE = YES;
				OTHER_CFLAGS = "-DNS_BLOCK_ASSERTIONS=1";
				PREBINDING = NO;
				SDKROOT = iphoneos4.1;
			};
			name = Release;
		};
/* End XCBuildConfiguration section */

/* Begin XCConfigurationList section */
		1D6058960D05DD3E006BFB54 /* Build configuration list for PBXNativeTarget "SlalomShout" */ = {
			isa = XCConfigurationList;
			buildConfigurations = (
				1D6058940D05DD3E006BFB54 /* Debug */,
				1D6058950D05DD3E006BFB54 /* Release */,
			);
			defaultConfigurationIsVisible = 0;
			defaultConfigurationName = Release;
		};
		C01FCF4E08A954540054247B /* Build configuration list for PBXProject "SlalomShout" */ = {
			isa = XCConfigurationList;
			buildConfigurations = (
				C01FCF4F08A954540054247B /* Debug */,
				C01FCF5008A954540054247B /* Release */,
			);
			defaultConfigurationIsVisible = 0;
			defaultConfigurationName = Release;
		};
/* End XCConfigurationList section */
	};
	rootObject = 29B97313FDCFA39411CA2CEA /* Project object */;
}
